
Microsoft Visual Studio Solution File, Format Version 12.00
# Visual Studio Version 17
VisualStudioVersion = 17.9.34728.123
MinimumVisualStudioVersion = 10.0.40219.1
Project("{9A19103F-16F7-4668-BE54-9A1E7A4F7556}") = "MockServers", "MockServers\MockServers.csproj", "{CEABC19B-86EE-475A-BAA8-568BBA1AC0E2}"
EndProject
Project("{9A19103F-16F7-4668-BE54-9A1E7A4F7556}") = "OrderWebAPI2", "OrderWebAPI2\OrderWebAPI2.csproj", "{AF6D8F4B-E835-4443-A8F5-6886242E2389}"
EndProject
Project("{FAE04EC0-301F-11D3-BF4B-00C04F79EFBC}") = "ShopUnitTests", "ShopUnitTests\ShopUnitTests.csproj", "{C374F16D-213E-4BBE-9DFD-0317F3F8D16B}"
EndProject
Global
	GlobalSection(SolutionConfigurationPlatforms) = preSolution
		Debug|Any CPU = Debug|Any CPU
		Release|Any CPU = Release|Any CPU
	EndGlobalSection
	GlobalSection(ProjectConfigurationPlatforms) = postSolution
		{CEABC19B-86EE-475A-BAA8-568BBA1AC0E2}.Debug|Any CPU.ActiveCfg = Debug|Any CPU
		{CEABC19B-86EE-475A-BAA8-568BBA1AC0E2}.Debug|Any CPU.Build.0 = Debug|Any CPU
		{CEABC19B-86EE-475A-BAA8-568BBA1AC0E2}.Release|Any CPU.ActiveCfg = Release|Any CPU
		{CEABC19B-86EE-475A-BAA8-568BBA1AC0E2}.Release|Any CPU.Build.0 = Release|Any CPU
		{AF6D8F4B-E835-4443-A8F5-6886242E2389}.Debug|Any CPU.ActiveCfg = Debug|Any CPU
		{AF6D8F4B-E835-4443-A8F5-6886242E2389}.Debug|Any CPU.Build.0 = Debug|Any CPU
		{AF6D8F4B-E835-4443-A8F5-6886242E2389}.Release|Any CPU.ActiveCfg = Release|Any CPU
		{AF6D8F4B-E835-4443-A8F5-6886242E2389}.Release|Any CPU.Build.0 = Release|Any CPU
		{C374F16D-213E-4BBE-9DFD-0317F3F8D16B}.Debug|Any CPU.ActiveCfg = Debug|Any CPU
		{C374F16D-213E-4BBE-9DFD-0317F3F8D16B}.Debug|Any CPU.Build.0 = Debug|Any CPU
		{C374F16D-213E-4BBE-9DFD-0317F3F8D16B}.Release|Any CPU.ActiveCfg = Release|Any CPU
		{C374F16D-213E-4BBE-9DFD-0317F3F8D16B}.Release|Any CPU.Build.0 = Release|Any CPU
	EndGlobalSection
	GlobalSection(SolutionProperties) = preSolution
		HideSolutionNode = FALSE
	EndGlobalSection
	GlobalSection(ExtensibilityGlobals) = postSolution
		SolutionGuid = {79F866DF-FC01-4EC8-92B1-94531114D915}
	EndGlobalSection
EndGlobal
